
Microsoft Visual Studio Solution File, Format Version 12.00
# Visual Studio Version 17
VisualStudioVersion = 17.2.32602.215
MinimumVisualStudioVersion = 10.0.40219.1
Project("{FAE04EC0-301F-11D3-BF4B-00C04F79EFBC}") = "AppSFTP", "AppSFTP.csproj", "{013B2BC7-7A4E-4C3F-AAF5-F0DE6125F1D9}"
EndProject
Global
	GlobalSection(SolutionConfigurationPlatforms) = preSolution
		Debug|Any CPU = Debug|Any CPU
		Release|Any CPU = Release|Any CPU
	EndGlobalSection
	GlobalSection(ProjectConfigurationPlatforms) = postSolution
		{013B2BC7-7A4E-4C3F-AAF5-F0DE6125F1D9}.Debug|Any CPU.ActiveCfg = Debug|Any CPU
		{013B2BC7-7A4E-4C3F-AAF5-F0DE6125F1D9}.Debug|Any CPU.Build.0 = Debug|Any CPU
		{013B2BC7-7A4E-4C3F-AAF5-F0DE6125F1D9}.Release|Any CPU.ActiveCfg = Release|Any CPU
		{013B2BC7-7A4E-4C3F-AAF5-F0DE6125F1D9}.Release|Any CPU.Build.0 = Release|Any CPU
	EndGlobalSection
	GlobalSection(SolutionProperties) = preSolution
		HideSolutionNode = FALSE
	EndGlobalSection
	GlobalSection(ExtensibilityGlobals) = postSolution
		SolutionGuid = {523F38D0-D19C-400E-8BA7-42A6D51211AE}
	EndGlobalSection
EndGlobal
