
Microsoft Visual Studio Solution File, Format Version 12.00
# Visual Studio Version 17
VisualStudioVersion = 17.2.32602.215
MinimumVisualStudioVersion = 10.0.40219.1
Project("{FAE04EC0-301F-11D3-BF4B-00C04F79EFBC}") = "Graficas", "Graficas.csproj", "{52B1FA3B-605C-4F56-A50C-90B6ED9DC2C2}"
EndProject
Global
	GlobalSection(SolutionConfigurationPlatforms) = preSolution
		Debug|Any CPU = Debug|Any CPU
		Release|Any CPU = Release|Any CPU
	EndGlobalSection
	GlobalSection(ProjectConfigurationPlatforms) = postSolution
		{52B1FA3B-605C-4F56-A50C-90B6ED9DC2C2}.Debug|Any CPU.ActiveCfg = Debug|Any CPU
		{52B1FA3B-605C-4F56-A50C-90B6ED9DC2C2}.Debug|Any CPU.Build.0 = Debug|Any CPU
		{52B1FA3B-605C-4F56-A50C-90B6ED9DC2C2}.Release|Any CPU.ActiveCfg = Release|Any CPU
		{52B1FA3B-605C-4F56-A50C-90B6ED9DC2C2}.Release|Any CPU.Build.0 = Release|Any CPU
	EndGlobalSection
	GlobalSection(SolutionProperties) = preSolution
		HideSolutionNode = FALSE
	EndGlobalSection
	GlobalSection(ExtensibilityGlobals) = postSolution
		SolutionGuid = {675E5256-ECF2-4284-A48C-8A9A1F93086C}
	EndGlobalSection
EndGlobal
