
Microsoft Visual Studio Solution File, Format Version 12.00
# Visual Studio Version 16
VisualStudioVersion = 16.0.32602.291
MinimumVisualStudioVersion = 10.0.40219.1
Project("{FAE04EC0-301F-11D3-BF4B-00C04F79EFBC}") = "horasApp", "horasApp.csproj", "{1B2063EF-F70A-45F0-98A6-C6AF965A6892}"
EndProject
Global
	GlobalSection(SolutionConfigurationPlatforms) = preSolution
		Debug|Any CPU = Debug|Any CPU
		Release|Any CPU = Release|Any CPU
	EndGlobalSection
	GlobalSection(ProjectConfigurationPlatforms) = postSolution
		{1B2063EF-F70A-45F0-98A6-C6AF965A6892}.Debug|Any CPU.ActiveCfg = Debug|Any CPU
		{1B2063EF-F70A-45F0-98A6-C6AF965A6892}.Debug|Any CPU.Build.0 = Debug|Any CPU
		{1B2063EF-F70A-45F0-98A6-C6AF965A6892}.Release|Any CPU.ActiveCfg = Release|Any CPU
		{1B2063EF-F70A-45F0-98A6-C6AF965A6892}.Release|Any CPU.Build.0 = Release|Any CPU
	EndGlobalSection
	GlobalSection(SolutionProperties) = preSolution
		HideSolutionNode = FALSE
	EndGlobalSection
	GlobalSection(ExtensibilityGlobals) = postSolution
		SolutionGuid = {756DA3D5-9AAB-4ABA-9AD1-B8FA883097B0}
	EndGlobalSection
EndGlobal
